// !$*UTF8*$!
{
	archiveVersion = 1;
	classes = {
	};
	objectVersion = 46;
	objects = {

/* Begin PBXBuildFile section */
		D813E0DC1B38F98800C23458 /* AppDelegate.swift in Sources */ = {isa = PBXBuildFile; fileRef = D813E0DB1B38F98800C23458 /* AppDelegate.swift */; };
		D813E0DE1B38F98800C23458 /* ViewController.swift in Sources */ = {isa = PBXBuildFile; fileRef = D813E0DD1B38F98800C23458 /* ViewController.swift */; };
		D813E0E11B38F98800C23458 /* Main.storyboard in Resources */ = {isa = PBXBuildFile; fileRef = D813E0DF1B38F98800C23458 /* Main.storyboard */; };
		D813E0E31B38F98800C23458 /* Images.xcassets in Resources */ = {isa = PBXBuildFile; fileRef = D813E0E21B38F98800C23458 /* Images.xcassets */; };
		D813E0E61B38F98800C23458 /* LaunchScreen.xib in Resources */ = {isa = PBXBuildFile; fileRef = D813E0E41B38F98800C23458 /* LaunchScreen.xib */; };
		D813E0F21B38F98800C23458 /* iPOSOrderMobileTests.swift in Sources */ = {isa = PBXBuildFile; fileRef = D813E0F11B38F98800C23458 /* iPOSOrderMobileTests.swift */; };
		D813E1051B38F9DA00C23458 /* Area.swift in Sources */ = {isa = PBXBuildFile; fileRef = D813E0FC1B38F9DA00C23458 /* Area.swift */; };
		D813E1061B38F9DA00C23458 /* ConfigInfo.swift in Sources */ = {isa = PBXBuildFile; fileRef = D813E0FD1B38F9DA00C23458 /* ConfigInfo.swift */; };
		D813E1071B38F9DA00C23458 /* Food.swift in Sources */ = {isa = PBXBuildFile; fileRef = D813E0FE1B38F9DA00C23458 /* Food.swift */; };
		D813E1081B38F9DA00C23458 /* FoodCategory.swift in Sources */ = {isa = PBXBuildFile; fileRef = D813E0FF1B38F9DA00C23458 /* FoodCategory.swift */; };
		D813E1091B38F9DA00C23458 /* FoodInBill.swift in Sources */ = {isa = PBXBuildFile; fileRef = D813E1001B38F9DA00C23458 /* FoodInBill.swift */; };
		D813E10A1B38F9DA00C23458 /* Sale.swift in Sources */ = {isa = PBXBuildFile; fileRef = D813E1011B38F9DA00C23458 /* Sale.swift */; };
		D813E10B1B38F9DA00C23458 /* Table.swift in Sources */ = {isa = PBXBuildFile; fileRef = D813E1021B38F9DA00C23458 /* Table.swift */; };
		D813E10C1B38F9DA00C23458 /* UserN.swift in Sources */ = {isa = PBXBuildFile; fileRef = D813E1031B38F9DA00C23458 /* UserN.swift */; };
		D813E10D1B38F9DA00C23458 /* GlobalVariable.swift in Sources */ = {isa = PBXBuildFile; fileRef = D813E1041B38F9DA00C23458 /* GlobalVariable.swift */; };
/* End PBXBuildFile section */

/* Begin PBXContainerItemProxy section */
		D813E0EC1B38F98800C23458 /* PBXContainerItemProxy */ = {
			isa = PBXContainerItemProxy;
			containerPortal = D813E0CE1B38F98800C23458 /* Project object */;
			proxyType = 1;
			remoteGlobalIDString = D813E0D51B38F98800C23458;
			remoteInfo = iPOSOrderMobile;
		};
/* End PBXContainerItemProxy section */

/* Begin PBXFileReference section */
		D813E0D61B38F98800C23458 /* iPOSOrderMobile.app */ = {isa = PBXFileReference; explicitFileType = wrapper.application; includeInIndex = 0; path = iPOSOrderMobile.app; sourceTree = BUILT_PRODUCTS_DIR; };
		D813E0DA1B38F98800C23458 /* Info.plist */ = {isa = PBXFileReference; lastKnownFileType = text.plist.xml; path = Info.plist; sourceTree = "<group>"; };
		D813E0DB1B38F98800C23458 /* AppDelegate.swift */ = {isa = PBXFileReference; lastKnownFileType = sourcecode.swift; path = AppDelegate.swift; sourceTree = "<group>"; };
		D813E0DD1B38F98800C23458 /* ViewController.swift */ = {isa = PBXFileReference; lastKnownFileType = sourcecode.swift; path = ViewController.swift; sourceTree = "<group>"; };
		D813E0E01B38F98800C23458 /* Base */ = {isa = PBXFileReference; lastKnownFileType = file.storyboard; name = Base; path = Base.lproj/Main.storyboard; sourceTree = "<group>"; };
		D813E0E21B38F98800C23458 /* Images.xcassets */ = {isa = PBXFileReference; lastKnownFileType = folder.assetcatalog; path = Images.xcassets; sourceTree = "<group>"; };
		D813E0E51B38F98800C23458 /* Base */ = {isa = PBXFileReference; lastKnownFileType = file.xib; name = Base; path = Base.lproj/LaunchScreen.xib; sourceTree = "<group>"; };
		D813E0EB1B38F98800C23458 /* iPOSOrderMobileTests.xctest */ = {isa = PBXFileReference; explicitFileType = wrapper.cfbundle; includeInIndex = 0; path = iPOSOrderMobileTests.xctest; sourceTree = BUILT_PRODUCTS_DIR; };
		D813E0F01B38F98800C23458 /* Info.plist */ = {isa = PBXFileReference; lastKnownFileType = text.plist.xml; path = Info.plist; sourceTree = "<group>"; };
		D813E0F11B38F98800C23458 /* iPOSOrderMobileTests.swift */ = {isa = PBXFileReference; lastKnownFileType = sourcecode.swift; path = iPOSOrderMobileTests.swift; sourceTree = "<group>"; };
		D813E0FC1B38F9DA00C23458 /* Area.swift */ = {isa = PBXFileReference; fileEncoding = 4; lastKnownFileType = sourcecode.swift; path = Area.swift; sourceTree = "<group>"; };
		D813E0FD1B38F9DA00C23458 /* ConfigInfo.swift */ = {isa = PBXFileReference; fileEncoding = 4; lastKnownFileType = sourcecode.swift; path = ConfigInfo.swift; sourceTree = "<group>"; };
		D813E0FE1B38F9DA00C23458 /* Food.swift */ = {isa = PBXFileReference; fileEncoding = 4; lastKnownFileType = sourcecode.swift; path = Food.swift; sourceTree = "<group>"; };
		D813E0FF1B38F9DA00C23458 /* FoodCategory.swift */ = {isa = PBXFileReference; fileEncoding = 4; lastKnownFileType = sourcecode.swift; path = FoodCategory.swift; sourceTree = "<group>"; };
		D813E1001B38F9DA00C23458 /* FoodInBill.swift */ = {isa = PBXFileReference; fileEncoding = 4; lastKnownFileType = sourcecode.swift; path = FoodInBill.swift; sourceTree = "<group>"; };
		D813E1011B38F9DA00C23458 /* Sale.swift */ = {isa = PBXFileReference; fileEncoding = 4; lastKnownFileType = sourcecode.swift; path = Sale.swift; sourceTree = "<group>"; };
		D813E1021B38F9DA00C23458 /* Table.swift */ = {isa = PBXFileReference; fileEncoding = 4; lastKnownFileType = sourcecode.swift; path = Table.swift; sourceTree = "<group>"; };
		D813E1031B38F9DA00C23458 /* UserN.swift */ = {isa = PBXFileReference; fileEncoding = 4; lastKnownFileType = sourcecode.swift; path = UserN.swift; sourceTree = "<group>"; };
		D813E1041B38F9DA00C23458 /* GlobalVariable.swift */ = {isa = PBXFileReference; fileEncoding = 4; lastKnownFileType = sourcecode.swift; path = GlobalVariable.swift; sourceTree = "<group>"; };
/* End PBXFileReference section */

/* Begin PBXFrameworksBuildPhase section */
		D813E0D31B38F98800C23458 /* Frameworks */ = {
			isa = PBXFrameworksBuildPhase;
			buildActionMask = 2147483647;
			files = (
			);
			runOnlyForDeploymentPostprocessing = 0;
		};
		D813E0E81B38F98800C23458 /* Frameworks */ = {
			isa = PBXFrameworksBuildPhase;
			buildActionMask = 2147483647;
			files = (
			);
			runOnlyForDeploymentPostprocessing = 0;
		};
/* End PBXFrameworksBuildPhase section */

/* Begin PBXGroup section */
		D813E0CD1B38F98800C23458 = {
			isa = PBXGroup;
			children = (
				D813E0D81B38F98800C23458 /* iPOSOrderMobile */,
				D813E0EE1B38F98800C23458 /* iPOSOrderMobileTests */,
				D813E0D71B38F98800C23458 /* Products */,
			);
			sourceTree = "<group>";
		};
		D813E0D71B38F98800C23458 /* Products */ = {
			isa = PBXGroup;
			children = (
				D813E0D61B38F98800C23458 /* iPOSOrderMobile.app */,
				D813E0EB1B38F98800C23458 /* iPOSOrderMobileTests.xctest */,
			);
			name = Products;
			sourceTree = "<group>";
		};
		D813E0D81B38F98800C23458 /* iPOSOrderMobile */ = {
			isa = PBXGroup;
			children = (
				D813E0FB1B38F99600C23458 /* DataObject */,
				D813E0DB1B38F98800C23458 /* AppDelegate.swift */,
				D813E0DD1B38F98800C23458 /* ViewController.swift */,
				D813E0DF1B38F98800C23458 /* Main.storyboard */,
				D813E0E21B38F98800C23458 /* Images.xcassets */,
				D813E0E41B38F98800C23458 /* LaunchScreen.xib */,
				D813E0D91B38F98800C23458 /* Supporting Files */,
			);
			path = iPOSOrderMobile;
			sourceTree = "<group>";
		};
		D813E0D91B38F98800C23458 /* Supporting Files */ = {
			isa = PBXGroup;
			children = (
				D813E0DA1B38F98800C23458 /* Info.plist */,
			);
			name = "Supporting Files";
			sourceTree = "<group>";
		};
		D813E0EE1B38F98800C23458 /* iPOSOrderMobileTests */ = {
			isa = PBXGroup;
			children = (
				D813E0F11B38F98800C23458 /* iPOSOrderMobileTests.swift */,
				D813E0EF1B38F98800C23458 /* Supporting Files */,
			);
			path = iPOSOrderMobileTests;
			sourceTree = "<group>";
		};
		D813E0EF1B38F98800C23458 /* Supporting Files */ = {
			isa = PBXGroup;
			children = (
				D813E0F01B38F98800C23458 /* Info.plist */,
			);
			name = "Supporting Files";
			sourceTree = "<group>";
		};
		D813E0FB1B38F99600C23458 /* DataObject */ = {
			isa = PBXGroup;
			children = (
				D813E0FC1B38F9DA00C23458 /* Area.swift */,
				D813E0FD1B38F9DA00C23458 /* ConfigInfo.swift */,
				D813E0FE1B38F9DA00C23458 /* Food.swift */,
				D813E0FF1B38F9DA00C23458 /* FoodCategory.swift */,
				D813E1001B38F9DA00C23458 /* FoodInBill.swift */,
				D813E1011B38F9DA00C23458 /* Sale.swift */,
				D813E1021B38F9DA00C23458 /* Table.swift */,
				D813E1031B38F9DA00C23458 /* UserN.swift */,
				D813E1041B38F9DA00C23458 /* GlobalVariable.swift */,
			);
			name = DataObject;
			sourceTree = "<group>";
		};
/* End PBXGroup section */

/* Begin PBXNativeTarget section */
		D813E0D51B38F98800C23458 /* iPOSOrderMobile */ = {
			isa = PBXNativeTarget;
			buildConfigurationList = D813E0F51B38F98900C23458 /* Build configuration list for PBXNativeTarget "iPOSOrderMobile" */;
			buildPhases = (
				D813E0D21B38F98800C23458 /* Sources */,
				D813E0D31B38F98800C23458 /* Frameworks */,
				D813E0D41B38F98800C23458 /* Resources */,
			);
			buildRules = (
			);
			dependencies = (
			);
			name = iPOSOrderMobile;
			productName = iPOSOrderMobile;
			productReference = D813E0D61B38F98800C23458 /* iPOSOrderMobile.app */;
			productType = "com.apple.product-type.application";
		};
		D813E0EA1B38F98800C23458 /* iPOSOrderMobileTests */ = {
			isa = PBXNativeTarget;
			buildConfigurationList = D813E0F81B38F98900C23458 /* Build configuration list for PBXNativeTarget "iPOSOrderMobileTests" */;
			buildPhases = (
				D813E0E71B38F98800C23458 /* Sources */,
				D813E0E81B38F98800C23458 /* Frameworks */,
				D813E0E91B38F98800C23458 /* Resources */,
			);
			buildRules = (
			);
			dependencies = (
				D813E0ED1B38F98800C23458 /* PBXTargetDependency */,
			);
			name = iPOSOrderMobileTests;
			productName = iPOSOrderMobileTests;
			productReference = D813E0EB1B38F98800C23458 /* iPOSOrderMobileTests.xctest */;
			productType = "com.apple.product-type.bundle.unit-test";
		};
/* End PBXNativeTarget section */

/* Begin PBXProject section */
		D813E0CE1B38F98800C23458 /* Project object */ = {
			isa = PBXProject;
			attributes = {
				LastUpgradeCheck = 0630;
				ORGANIZATIONNAME = iPOS;
				TargetAttributes = {
					D813E0D51B38F98800C23458 = {
						CreatedOnToolsVersion = 6.3.2;
					};
					D813E0EA1B38F98800C23458 = {
						CreatedOnToolsVersion = 6.3.2;
						TestTargetID = D813E0D51B38F98800C23458;
					};
				};
			};
			buildConfigurationList = D813E0D11B38F98800C23458 /* Build configuration list for PBXProject "iPOSOrderMobile" */;
			compatibilityVersion = "Xcode 3.2";
			developmentRegion = English;
			hasScannedForEncodings = 0;
			knownRegions = (
				en,
				Base,
			);
			mainGroup = D813E0CD1B38F98800C23458;
			productRefGroup = D813E0D71B38F98800C23458 /* Products */;
			projectDirPath = "";
			projectRoot = "";
			targets = (
				D813E0D51B38F98800C23458 /* iPOSOrderMobile */,
				D813E0EA1B38F98800C23458 /* iPOSOrderMobileTests */,
			);
		};
/* End PBXProject section */

/* Begin PBXResourcesBuildPhase section */
		D813E0D41B38F98800C23458 /* Resources */ = {
			isa = PBXResourcesBuildPhase;
			buildActionMask = 2147483647;
			files = (
				D813E0E11B38F98800C23458 /* Main.storyboard in Resources */,
				D813E0E61B38F98800C23458 /* LaunchScreen.xib in Resources */,
				D813E0E31B38F98800C23458 /* Images.xcassets in Resources */,
			);
			runOnlyForDeploymentPostprocessing = 0;
		};
		D813E0E91B38F98800C23458 /* Resources */ = {
			isa = PBXResourcesBuildPhase;
			buildActionMask = 2147483647;
			files = (
			);
			runOnlyForDeploymentPostprocessing = 0;
		};
/* End PBXResourcesBuildPhase section */

/* Begin PBXSourcesBuildPhase section */
		D813E0D21B38F98800C23458 /* Sources */ = {
			isa = PBXSourcesBuildPhase;
			buildActionMask = 2147483647;
			files = (
				D813E0DE1B38F98800C23458 /* ViewController.swift in Sources */,
				D813E10C1B38F9DA00C23458 /* UserN.swift in Sources */,
				D813E1081B38F9DA00C23458 /* FoodCategory.swift in Sources */,
				D813E10A1B38F9DA00C23458 /* Sale.swift in Sources */,
				D813E10B1B38F9DA00C23458 /* Table.swift in Sources */,
				D813E1061B38F9DA00C23458 /* ConfigInfo.swift in Sources */,
				D813E1071B38F9DA00C23458 /* Food.swift in Sources */,
				D813E1051B38F9DA00C23458 /* Area.swift in Sources */,
				D813E0DC1B38F98800C23458 /* AppDelegate.swift in Sources */,
				D813E10D1B38F9DA00C23458 /* GlobalVariable.swift in Sources */,
				D813E1091B38F9DA00C23458 /* FoodInBill.swift in Sources */,
			);
			runOnlyForDeploymentPostprocessing = 0;
		};
		D813E0E71B38F98800C23458 /* Sources */ = {
			isa = PBXSourcesBuildPhase;
			buildActionMask = 2147483647;
			files = (
				D813E0F21B38F98800C23458 /* iPOSOrderMobileTests.swift in Sources */,
			);
			runOnlyForDeploymentPostprocessing = 0;
		};
/* End PBXSourcesBuildPhase section */

/* Begin PBXTargetDependency section */
		D813E0ED1B38F98800C23458 /* PBXTargetDependency */ = {
			isa = PBXTargetDependency;
			target = D813E0D51B38F98800C23458 /* iPOSOrderMobile */;
			targetProxy = D813E0EC1B38F98800C23458 /* PBXContainerItemProxy */;
		};
/* End PBXTargetDependency section */

/* Begin PBXVariantGroup section */
		D813E0DF1B38F98800C23458 /* Main.storyboard */ = {
			isa = PBXVariantGroup;
			children = (
				D813E0E01B38F98800C23458 /* Base */,
			);
			name = Main.storyboard;
			sourceTree = "<group>";
		};
		D813E0E41B38F98800C23458 /* LaunchScreen.xib */ = {
			isa = PBXVariantGroup;
			children = (
				D813E0E51B38F98800C23458 /* Base */,
			);
			name = LaunchScreen.xib;
			sourceTree = "<group>";
		};
/* End PBXVariantGroup section */

/* Begin XCBuildConfiguration section */
		D813E0F31B38F98900C23458 /* Debug */ = {
			isa = XCBuildConfiguration;
			buildSettings = {
				ALWAYS_SEARCH_USER_PATHS = NO;
				CLANG_CXX_LANGUAGE_STANDARD = "gnu++0x";
				CLANG_CXX_LIBRARY = "libc++";
				CLANG_ENABLE_MODULES = YES;
				CLANG_ENABLE_OBJC_ARC = YES;
				CLANG_WARN_BOOL_CONVERSION = YES;
				CLANG_WARN_CONSTANT_CONVERSION = YES;
				CLANG_WARN_DIRECT_OBJC_ISA_USAGE = YES_ERROR;
				CLANG_WARN_EMPTY_BODY = YES;
				CLANG_WARN_ENUM_CONVERSION = YES;
				CLANG_WARN_INT_CONVERSION = YES;
				CLANG_WARN_OBJC_ROOT_CLASS = YES_ERROR;
				CLANG_WARN_UNREACHABLE_CODE = YES;
				CLANG_WARN__DUPLICATE_METHOD_MATCH = YES;
				"CODE_SIGN_IDENTITY[sdk=iphoneos*]" = "iPhone Developer";
				COPY_PHASE_STRIP = NO;
				DEBUG_INFORMATION_FORMAT = "dwarf-with-dsym";
				ENABLE_STRICT_OBJC_MSGSEND = YES;
				GCC_C_LANGUAGE_STANDARD = gnu99;
				GCC_DYNAMIC_NO_PIC = NO;
				GCC_NO_COMMON_BLOCKS = YES;
				GCC_OPTIMIZATION_LEVEL = 0;
				GCC_PREPROCESSOR_DEFINITIONS = (
					"DEBUG=1",
					"$(inherited)",
				);
				GCC_SYMBOLS_PRIVATE_EXTERN = NO;
				GCC_WARN_64_TO_32_BIT_CONVERSION = YES;
				GCC_WARN_ABOUT_RETURN_TYPE = YES_ERROR;
				GCC_WARN_UNDECLARED_SELECTOR = YES;
				GCC_WARN_UNINITIALIZED_AUTOS = YES_AGGRESSIVE;
				GCC_WARN_UNUSED_FUNCTION = YES;
				GCC_WARN_UNUSED_VARIABLE = YES;
				IPHONEOS_DEPLOYMENT_TARGET = 8.3;
				MTL_ENABLE_DEBUG_INFO = YES;
				ONLY_ACTIVE_ARCH = YES;
				SDKROOT = iphoneos;
				SWIFT_OPTIMIZATION_LEVEL = "-Onone";
				TARGETED_DEVICE_FAMILY = "1,2";
			};
			name = Debug;
		};
		D813E0F41B38F98900C23458 /* Release */ = {
			isa = XCBuildConfiguration;
			buildSettings = {
				ALWAYS_SEARCH_USER_PATHS = NO;
				CLANG_CXX_LANGUAGE_STANDARD = "gnu++0x";
				CLANG_CXX_LIBRARY = "libc++";
				CLANG_ENABLE_MODULES = YES;
				CLANG_ENABLE_OBJC_ARC = YES;
				CLANG_WARN_BOOL_CONVERSION = YES;
				CLANG_WARN_CONSTANT_CONVERSION = YES;
				CLANG_WARN_DIRECT_OBJC_ISA_USAGE = YES_ERROR;
				CLANG_WARN_EMPTY_BODY = YES;
				CLANG_WARN_ENUM_CONVERSION = YES;
				CLANG_WARN_INT_CONVERSION = YES;
				CLANG_WARN_OBJC_ROOT_CLASS = YES_ERROR;
				CLANG_WARN_UNREACHABLE_CODE = YES;
				CLANG_WARN__DUPLICATE_METHOD_MATCH = YES;
				"CODE_SIGN_IDENTITY[sdk=iphoneos*]" = "iPhone Developer";
				COPY_PHASE_STRIP = NO;
				DEBUG_INFORMATION_FORMAT = "dwarf-with-dsym";
				ENABLE_NS_ASSERTIONS = NO;
				ENABLE_STRICT_OBJC_MSGSEND = YES;
				GCC_C_LANGUAGE_STANDARD = gnu99;
				GCC_NO_COMMON_BLOCKS = YES;
				GCC_WARN_64_TO_32_BIT_CONVERSION = YES;
				GCC_WARN_ABOUT_RETURN_TYPE = YES_ERROR;
				GCC_WARN_UNDECLARED_SELECTOR = YES;
				GCC_WARN_UNINITIALIZED_AUTOS = YES_AGGRESSIVE;
				GCC_WARN_UNUSED_FUNCTION = YES;
				GCC_WARN_UNUSED_VARIABLE = YES;
				IPHONEOS_DEPLOYMENT_TARGET = 8.3;
				MTL_ENABLE_DEBUG_INFO = NO;
				SDKROOT = iphoneos;
				TARGETED_DEVICE_FAMILY = "1,2";
				VALIDATE_PRODUCT = YES;
			};
			name = Release;
		};
		D813E0F61B38F98900C23458 /* Debug */ = {
			isa = XCBuildConfiguration;
			buildSettings = {
				ASSETCATALOG_COMPILER_APPICON_NAME = AppIcon;
				INFOPLIST_FILE = iPOSOrderMobile/Info.plist;
				LD_RUNPATH_SEARCH_PATHS = "$(inherited) @executable_path/Frameworks";
				PRODUCT_NAME = "$(TARGET_NAME)";
			};
			name = Debug;
		};
		D813E0F71B38F98900C23458 /* Release */ = {
			isa = XCBuildConfiguration;
			buildSettings = {
				ASSETCATALOG_COMPILER_APPICON_NAME = AppIcon;
				INFOPLIST_FILE = iPOSOrderMobile/Info.plist;
				LD_RUNPATH_SEARCH_PATHS = "$(inherited) @executable_path/Frameworks";
				PRODUCT_NAME = "$(TARGET_NAME)";
			};
			name = Release;
		};
		D813E0F91B38F98900C23458 /* Debug */ = {
			isa = XCBuildConfiguration;
			buildSettings = {
				BUNDLE_LOADER = "$(TEST_HOST)";
				FRAMEWORK_SEARCH_PATHS = (
					"$(SDKROOT)/Developer/Library/Frameworks",
					"$(inherited)",
				);
				GCC_PREPROCESSOR_DEFINITIONS = (
					"DEBUG=1",
					"$(inherited)",
				);
				INFOPLIST_FILE = iPOSOrderMobileTests/Info.plist;
				LD_RUNPATH_SEARCH_PATHS = "$(inherited) @executable_path/Frameworks @loader_path/Frameworks";
				PRODUCT_NAME = "$(TARGET_NAME)";
				TEST_HOST = "$(BUILT_PRODUCTS_DIR)/iPOSOrderMobile.app/iPOSOrderMobile";
			};
			name = Debug;
		};
		D813E0FA1B38F98900C23458 /* Release */ = {
			isa = XCBuildConfiguration;
			buildSettings = {
				BUNDLE_LOADER = "$(TEST_HOST)";
				FRAMEWORK_SEARCH_PATHS = (
					"$(SDKROOT)/Developer/Library/Frameworks",
					"$(inherited)",
				);
				INFOPLIST_FILE = iPOSOrderMobileTests/Info.plist;
				LD_RUNPATH_SEARCH_PATHS = "$(inherited) @executable_path/Frameworks @loader_path/Frameworks";
				PRODUCT_NAME = "$(TARGET_NAME)";
				TEST_HOST = "$(BUILT_PRODUCTS_DIR)/iPOSOrderMobile.app/iPOSOrderMobile";
			};
			name = Release;
		};
/* End XCBuildConfiguration section */

/* Begin XCConfigurationList section */
		D813E0D11B38F98800C23458 /* Build configuration list for PBXProject "iPOSOrderMobile" */ = {
			isa = XCConfigurationList;
			buildConfigurations = (
				D813E0F31B38F98900C23458 /* Debug */,
				D813E0F41B38F98900C23458 /* Release */,
			);
			defaultConfigurationIsVisible = 0;
			defaultConfigurationName = Release;
		};
		D813E0F51B38F98900C23458 /* Build configuration list for PBXNativeTarget "iPOSOrderMobile" */ = {
			isa = XCConfigurationList;
			buildConfigurations = (
				D813E0F61B38F98900C23458 /* Debug */,
				D813E0F71B38F98900C23458 /* Release */,
			);
			defaultConfigurationIsVisible = 0;
		};
		D813E0F81B38F98900C23458 /* Build configuration list for PBXNativeTarget "iPOSOrderMobileTests" */ = {
			isa = XCConfigurationList;
			buildConfigurations = (
				D813E0F91B38F98900C23458 /* Debug */,
				D813E0FA1B38F98900C23458 /* Release */,
			);
			defaultConfigurationIsVisible = 0;
		};
/* End XCConfigurationList section */
	};
	rootObject = D813E0CE1B38F98800C23458 /* Project object */;
}
