// !$*UTF8*$!
{
	archiveVersion = 1;
	classes = {
	};
	objectVersion = 46;
	objects = {

/* Begin PBXBuildFile section */
		D80695C61AB937D300E7479A /* AppDelegate.swift in Sources */ = {isa = PBXBuildFile; fileRef = D80695C51AB937D300E7479A /* AppDelegate.swift */; };
		D80695C81AB937D300E7479A /* ViewController.swift in Sources */ = {isa = PBXBuildFile; fileRef = D80695C71AB937D300E7479A /* ViewController.swift */; };
		D80695CB1AB937D300E7479A /* Main.storyboard in Resources */ = {isa = PBXBuildFile; fileRef = D80695C91AB937D300E7479A /* Main.storyboard */; };
		D80695CD1AB937D300E7479A /* Images.xcassets in Resources */ = {isa = PBXBuildFile; fileRef = D80695CC1AB937D300E7479A /* Images.xcassets */; };
		D80695D01AB937D300E7479A /* LaunchScreen.xib in Resources */ = {isa = PBXBuildFile; fileRef = D80695CE1AB937D300E7479A /* LaunchScreen.xib */; };
		D80695DC1AB937D300E7479A /* NumberGameTests.swift in Sources */ = {isa = PBXBuildFile; fileRef = D80695DB1AB937D300E7479A /* NumberGameTests.swift */; };
		D80695E61AB9382800E7479A /* NumberView.swift in Sources */ = {isa = PBXBuildFile; fileRef = D80695E51AB9382800E7479A /* NumberView.swift */; };
		D80695EF1AB9390100E7479A /* 1.png in Resources */ = {isa = PBXBuildFile; fileRef = D80695E71AB9390100E7479A /* 1.png */; };
		D80695F01AB9390100E7479A /* 1g.png in Resources */ = {isa = PBXBuildFile; fileRef = D80695E81AB9390100E7479A /* 1g.png */; };
		D80695F11AB9390100E7479A /* 2.png in Resources */ = {isa = PBXBuildFile; fileRef = D80695E91AB9390100E7479A /* 2.png */; };
		D80695F21AB9390100E7479A /* 2g.png in Resources */ = {isa = PBXBuildFile; fileRef = D80695EA1AB9390100E7479A /* 2g.png */; };
		D80695F31AB9390100E7479A /* 3.png in Resources */ = {isa = PBXBuildFile; fileRef = D80695EB1AB9390100E7479A /* 3.png */; };
		D80695F41AB9390100E7479A /* 3g.png in Resources */ = {isa = PBXBuildFile; fileRef = D80695EC1AB9390100E7479A /* 3g.png */; };
		D80695F51AB9390100E7479A /* 4.png in Resources */ = {isa = PBXBuildFile; fileRef = D80695ED1AB9390100E7479A /* 4.png */; };
		D80695F61AB9390100E7479A /* 4g.png in Resources */ = {isa = PBXBuildFile; fileRef = D80695EE1AB9390100E7479A /* 4g.png */; };
		D839B0A01AB9570F002D2F99 /* Scene.swift in Sources */ = {isa = PBXBuildFile; fileRef = D839B09F1AB9570F002D2F99 /* Scene.swift */; };
/* End PBXBuildFile section */

/* Begin PBXContainerItemProxy section */
		D80695D61AB937D300E7479A /* PBXContainerItemProxy */ = {
			isa = PBXContainerItemProxy;
			containerPortal = D80695B81AB937D300E7479A /* Project object */;
			proxyType = 1;
			remoteGlobalIDString = D80695BF1AB937D300E7479A;
			remoteInfo = NumberGame;
		};
/* End PBXContainerItemProxy section */

/* Begin PBXFileReference section */
		D80695C01AB937D300E7479A /* NumberGame.app */ = {isa = PBXFileReference; explicitFileType = wrapper.application; includeInIndex = 0; path = NumberGame.app; sourceTree = BUILT_PRODUCTS_DIR; };
		D80695C41AB937D300E7479A /* Info.plist */ = {isa = PBXFileReference; lastKnownFileType = text.plist.xml; path = Info.plist; sourceTree = "<group>"; };
		D80695C51AB937D300E7479A /* AppDelegate.swift */ = {isa = PBXFileReference; lastKnownFileType = sourcecode.swift; path = AppDelegate.swift; sourceTree = "<group>"; };
		D80695C71AB937D300E7479A /* ViewController.swift */ = {isa = PBXFileReference; lastKnownFileType = sourcecode.swift; path = ViewController.swift; sourceTree = "<group>"; };
		D80695CA1AB937D300E7479A /* Base */ = {isa = PBXFileReference; lastKnownFileType = file.storyboard; name = Base; path = Base.lproj/Main.storyboard; sourceTree = "<group>"; };
		D80695CC1AB937D300E7479A /* Images.xcassets */ = {isa = PBXFileReference; lastKnownFileType = folder.assetcatalog; path = Images.xcassets; sourceTree = "<group>"; };
		D80695CF1AB937D300E7479A /* Base */ = {isa = PBXFileReference; lastKnownFileType = file.xib; name = Base; path = Base.lproj/LaunchScreen.xib; sourceTree = "<group>"; };
		D80695D51AB937D300E7479A /* NumberGameTests.xctest */ = {isa = PBXFileReference; explicitFileType = wrapper.cfbundle; includeInIndex = 0; path = NumberGameTests.xctest; sourceTree = BUILT_PRODUCTS_DIR; };
		D80695DA1AB937D300E7479A /* Info.plist */ = {isa = PBXFileReference; lastKnownFileType = text.plist.xml; path = Info.plist; sourceTree = "<group>"; };
		D80695DB1AB937D300E7479A /* NumberGameTests.swift */ = {isa = PBXFileReference; lastKnownFileType = sourcecode.swift; path = NumberGameTests.swift; sourceTree = "<group>"; };
		D80695E51AB9382800E7479A /* NumberView.swift */ = {isa = PBXFileReference; fileEncoding = 4; lastKnownFileType = sourcecode.swift; path = NumberView.swift; sourceTree = "<group>"; };
		D80695E71AB9390100E7479A /* 1.png */ = {isa = PBXFileReference; lastKnownFileType = image.png; path = 1.png; sourceTree = "<group>"; };
		D80695E81AB9390100E7479A /* 1g.png */ = {isa = PBXFileReference; lastKnownFileType = image.png; path = 1g.png; sourceTree = "<group>"; };
		D80695E91AB9390100E7479A /* 2.png */ = {isa = PBXFileReference; lastKnownFileType = image.png; path = 2.png; sourceTree = "<group>"; };
		D80695EA1AB9390100E7479A /* 2g.png */ = {isa = PBXFileReference; lastKnownFileType = image.png; path = 2g.png; sourceTree = "<group>"; };
		D80695EB1AB9390100E7479A /* 3.png */ = {isa = PBXFileReference; lastKnownFileType = image.png; path = 3.png; sourceTree = "<group>"; };
		D80695EC1AB9390100E7479A /* 3g.png */ = {isa = PBXFileReference; lastKnownFileType = image.png; path = 3g.png; sourceTree = "<group>"; };
		D80695ED1AB9390100E7479A /* 4.png */ = {isa = PBXFileReference; lastKnownFileType = image.png; path = 4.png; sourceTree = "<group>"; };
		D80695EE1AB9390100E7479A /* 4g.png */ = {isa = PBXFileReference; lastKnownFileType = image.png; path = 4g.png; sourceTree = "<group>"; };
		D839B09F1AB9570F002D2F99 /* Scene.swift */ = {isa = PBXFileReference; fileEncoding = 4; lastKnownFileType = sourcecode.swift; path = Scene.swift; sourceTree = "<group>"; };
/* End PBXFileReference section */

/* Begin PBXFrameworksBuildPhase section */
		D80695BD1AB937D300E7479A /* Frameworks */ = {
			isa = PBXFrameworksBuildPhase;
			buildActionMask = 2147483647;
			files = (
			);
			runOnlyForDeploymentPostprocessing = 0;
		};
		D80695D21AB937D300E7479A /* Frameworks */ = {
			isa = PBXFrameworksBuildPhase;
			buildActionMask = 2147483647;
			files = (
			);
			runOnlyForDeploymentPostprocessing = 0;
		};
/* End PBXFrameworksBuildPhase section */

/* Begin PBXGroup section */
		D80695B71AB937D300E7479A = {
			isa = PBXGroup;
			children = (
				D80695C21AB937D300E7479A /* NumberGame */,
				D80695D81AB937D300E7479A /* NumberGameTests */,
				D80695C11AB937D300E7479A /* Products */,
			);
			sourceTree = "<group>";
		};
		D80695C11AB937D300E7479A /* Products */ = {
			isa = PBXGroup;
			children = (
				D80695C01AB937D300E7479A /* NumberGame.app */,
				D80695D51AB937D300E7479A /* NumberGameTests.xctest */,
			);
			name = Products;
			sourceTree = "<group>";
		};
		D80695C21AB937D300E7479A /* NumberGame */ = {
			isa = PBXGroup;
			children = (
				D80695C51AB937D300E7479A /* AppDelegate.swift */,
				D80695C71AB937D300E7479A /* ViewController.swift */,
				D80695E51AB9382800E7479A /* NumberView.swift */,
				D839B09F1AB9570F002D2F99 /* Scene.swift */,
				D80695E71AB9390100E7479A /* 1.png */,
				D80695E81AB9390100E7479A /* 1g.png */,
				D80695E91AB9390100E7479A /* 2.png */,
				D80695EA1AB9390100E7479A /* 2g.png */,
				D80695EB1AB9390100E7479A /* 3.png */,
				D80695EC1AB9390100E7479A /* 3g.png */,
				D80695ED1AB9390100E7479A /* 4.png */,
				D80695EE1AB9390100E7479A /* 4g.png */,
				D80695C91AB937D300E7479A /* Main.storyboard */,
				D80695CC1AB937D300E7479A /* Images.xcassets */,
				D80695CE1AB937D300E7479A /* LaunchScreen.xib */,
				D80695C31AB937D300E7479A /* Supporting Files */,
			);
			path = NumberGame;
			sourceTree = "<group>";
		};
		D80695C31AB937D300E7479A /* Supporting Files */ = {
			isa = PBXGroup;
			children = (
				D80695C41AB937D300E7479A /* Info.plist */,
			);
			name = "Supporting Files";
			sourceTree = "<group>";
		};
		D80695D81AB937D300E7479A /* NumberGameTests */ = {
			isa = PBXGroup;
			children = (
				D80695DB1AB937D300E7479A /* NumberGameTests.swift */,
				D80695D91AB937D300E7479A /* Supporting Files */,
			);
			path = NumberGameTests;
			sourceTree = "<group>";
		};
		D80695D91AB937D300E7479A /* Supporting Files */ = {
			isa = PBXGroup;
			children = (
				D80695DA1AB937D300E7479A /* Info.plist */,
			);
			name = "Supporting Files";
			sourceTree = "<group>";
		};
/* End PBXGroup section */

/* Begin PBXNativeTarget section */
		D80695BF1AB937D300E7479A /* NumberGame */ = {
			isa = PBXNativeTarget;
			buildConfigurationList = D80695DF1AB937D300E7479A /* Build configuration list for PBXNativeTarget "NumberGame" */;
			buildPhases = (
				D80695BC1AB937D300E7479A /* Sources */,
				D80695BD1AB937D300E7479A /* Frameworks */,
				D80695BE1AB937D300E7479A /* Resources */,
			);
			buildRules = (
			);
			dependencies = (
			);
			name = NumberGame;
			productName = NumberGame;
			productReference = D80695C01AB937D300E7479A /* NumberGame.app */;
			productType = "com.apple.product-type.application";
		};
		D80695D41AB937D300E7479A /* NumberGameTests */ = {
			isa = PBXNativeTarget;
			buildConfigurationList = D80695E21AB937D300E7479A /* Build configuration list for PBXNativeTarget "NumberGameTests" */;
			buildPhases = (
				D80695D11AB937D300E7479A /* Sources */,
				D80695D21AB937D300E7479A /* Frameworks */,
				D80695D31AB937D300E7479A /* Resources */,
			);
			buildRules = (
			);
			dependencies = (
				D80695D71AB937D300E7479A /* PBXTargetDependency */,
			);
			name = NumberGameTests;
			productName = NumberGameTests;
			productReference = D80695D51AB937D300E7479A /* NumberGameTests.xctest */;
			productType = "com.apple.product-type.bundle.unit-test";
		};
/* End PBXNativeTarget section */

/* Begin PBXProject section */
		D80695B81AB937D300E7479A /* Project object */ = {
			isa = PBXProject;
			attributes = {
				LastUpgradeCheck = 0610;
				ORGANIZATIONNAME = iPOS;
				TargetAttributes = {
					D80695BF1AB937D300E7479A = {
						CreatedOnToolsVersion = 6.1.1;
					};
					D80695D41AB937D300E7479A = {
						CreatedOnToolsVersion = 6.1.1;
						TestTargetID = D80695BF1AB937D300E7479A;
					};
				};
			};
			buildConfigurationList = D80695BB1AB937D300E7479A /* Build configuration list for PBXProject "NumberGame" */;
			compatibilityVersion = "Xcode 3.2";
			developmentRegion = English;
			hasScannedForEncodings = 0;
			knownRegions = (
				en,
				Base,
			);
			mainGroup = D80695B71AB937D300E7479A;
			productRefGroup = D80695C11AB937D300E7479A /* Products */;
			projectDirPath = "";
			projectRoot = "";
			targets = (
				D80695BF1AB937D300E7479A /* NumberGame */,
				D80695D41AB937D300E7479A /* NumberGameTests */,
			);
		};
/* End PBXProject section */

/* Begin PBXResourcesBuildPhase section */
		D80695BE1AB937D300E7479A /* Resources */ = {
			isa = PBXResourcesBuildPhase;
			buildActionMask = 2147483647;
			files = (
				D80695F61AB9390100E7479A /* 4g.png in Resources */,
				D80695F11AB9390100E7479A /* 2.png in Resources */,
				D80695F01AB9390100E7479A /* 1g.png in Resources */,
				D80695CB1AB937D300E7479A /* Main.storyboard in Resources */,
				D80695F41AB9390100E7479A /* 3g.png in Resources */,
				D80695F31AB9390100E7479A /* 3.png in Resources */,
				D80695F21AB9390100E7479A /* 2g.png in Resources */,
				D80695EF1AB9390100E7479A /* 1.png in Resources */,
				D80695D01AB937D300E7479A /* LaunchScreen.xib in Resources */,
				D80695F51AB9390100E7479A /* 4.png in Resources */,
				D80695CD1AB937D300E7479A /* Images.xcassets in Resources */,
			);
			runOnlyForDeploymentPostprocessing = 0;
		};
		D80695D31AB937D300E7479A /* Resources */ = {
			isa = PBXResourcesBuildPhase;
			buildActionMask = 2147483647;
			files = (
			);
			runOnlyForDeploymentPostprocessing = 0;
		};
/* End PBXResourcesBuildPhase section */

/* Begin PBXSourcesBuildPhase section */
		D80695BC1AB937D300E7479A /* Sources */ = {
			isa = PBXSourcesBuildPhase;
			buildActionMask = 2147483647;
			files = (
				D839B0A01AB9570F002D2F99 /* Scene.swift in Sources */,
				D80695C81AB937D300E7479A /* ViewController.swift in Sources */,
				D80695C61AB937D300E7479A /* AppDelegate.swift in Sources */,
				D80695E61AB9382800E7479A /* NumberView.swift in Sources */,
			);
			runOnlyForDeploymentPostprocessing = 0;
		};
		D80695D11AB937D300E7479A /* Sources */ = {
			isa = PBXSourcesBuildPhase;
			buildActionMask = 2147483647;
			files = (
				D80695DC1AB937D300E7479A /* NumberGameTests.swift in Sources */,
			);
			runOnlyForDeploymentPostprocessing = 0;
		};
/* End PBXSourcesBuildPhase section */

/* Begin PBXTargetDependency section */
		D80695D71AB937D300E7479A /* PBXTargetDependency */ = {
			isa = PBXTargetDependency;
			target = D80695BF1AB937D300E7479A /* NumberGame */;
			targetProxy = D80695D61AB937D300E7479A /* PBXContainerItemProxy */;
		};
/* End PBXTargetDependency section */

/* Begin PBXVariantGroup section */
		D80695C91AB937D300E7479A /* Main.storyboard */ = {
			isa = PBXVariantGroup;
			children = (
				D80695CA1AB937D300E7479A /* Base */,
			);
			name = Main.storyboard;
			sourceTree = "<group>";
		};
		D80695CE1AB937D300E7479A /* LaunchScreen.xib */ = {
			isa = PBXVariantGroup;
			children = (
				D80695CF1AB937D300E7479A /* Base */,
			);
			name = LaunchScreen.xib;
			sourceTree = "<group>";
		};
/* End PBXVariantGroup section */

/* Begin XCBuildConfiguration section */
		D80695DD1AB937D300E7479A /* Debug */ = {
			isa = XCBuildConfiguration;
			buildSettings = {
				ALWAYS_SEARCH_USER_PATHS = NO;
				CLANG_CXX_LANGUAGE_STANDARD = "gnu++0x";
				CLANG_CXX_LIBRARY = "libc++";
				CLANG_ENABLE_MODULES = YES;
				CLANG_ENABLE_OBJC_ARC = YES;
				CLANG_WARN_BOOL_CONVERSION = YES;
				CLANG_WARN_CONSTANT_CONVERSION = YES;
				CLANG_WARN_DIRECT_OBJC_ISA_USAGE = YES_ERROR;
				CLANG_WARN_EMPTY_BODY = YES;
				CLANG_WARN_ENUM_CONVERSION = YES;
				CLANG_WARN_INT_CONVERSION = YES;
				CLANG_WARN_OBJC_ROOT_CLASS = YES_ERROR;
				CLANG_WARN_UNREACHABLE_CODE = YES;
				CLANG_WARN__DUPLICATE_METHOD_MATCH = YES;
				"CODE_SIGN_IDENTITY[sdk=iphoneos*]" = "iPhone Developer";
				COPY_PHASE_STRIP = NO;
				ENABLE_STRICT_OBJC_MSGSEND = YES;
				GCC_C_LANGUAGE_STANDARD = gnu99;
				GCC_DYNAMIC_NO_PIC = NO;
				GCC_OPTIMIZATION_LEVEL = 0;
				GCC_PREPROCESSOR_DEFINITIONS = (
					"DEBUG=1",
					"$(inherited)",
				);
				GCC_SYMBOLS_PRIVATE_EXTERN = NO;
				GCC_WARN_64_TO_32_BIT_CONVERSION = YES;
				GCC_WARN_ABOUT_RETURN_TYPE = YES_ERROR;
				GCC_WARN_UNDECLARED_SELECTOR = YES;
				GCC_WARN_UNINITIALIZED_AUTOS = YES_AGGRESSIVE;
				GCC_WARN_UNUSED_FUNCTION = YES;
				GCC_WARN_UNUSED_VARIABLE = YES;
				IPHONEOS_DEPLOYMENT_TARGET = 8.1;
				MTL_ENABLE_DEBUG_INFO = YES;
				ONLY_ACTIVE_ARCH = YES;
				SDKROOT = iphoneos;
				SWIFT_OPTIMIZATION_LEVEL = "-Onone";
			};
			name = Debug;
		};
		D80695DE1AB937D300E7479A /* Release */ = {
			isa = XCBuildConfiguration;
			buildSettings = {
				ALWAYS_SEARCH_USER_PATHS = NO;
				CLANG_CXX_LANGUAGE_STANDARD = "gnu++0x";
				CLANG_CXX_LIBRARY = "libc++";
				CLANG_ENABLE_MODULES = YES;
				CLANG_ENABLE_OBJC_ARC = YES;
				CLANG_WARN_BOOL_CONVERSION = YES;
				CLANG_WARN_CONSTANT_CONVERSION = YES;
				CLANG_WARN_DIRECT_OBJC_ISA_USAGE = YES_ERROR;
				CLANG_WARN_EMPTY_BODY = YES;
				CLANG_WARN_ENUM_CONVERSION = YES;
				CLANG_WARN_INT_CONVERSION = YES;
				CLANG_WARN_OBJC_ROOT_CLASS = YES_ERROR;
				CLANG_WARN_UNREACHABLE_CODE = YES;
				CLANG_WARN__DUPLICATE_METHOD_MATCH = YES;
				"CODE_SIGN_IDENTITY[sdk=iphoneos*]" = "iPhone Developer";
				COPY_PHASE_STRIP = YES;
				ENABLE_NS_ASSERTIONS = NO;
				ENABLE_STRICT_OBJC_MSGSEND = YES;
				GCC_C_LANGUAGE_STANDARD = gnu99;
				GCC_WARN_64_TO_32_BIT_CONVERSION = YES;
				GCC_WARN_ABOUT_RETURN_TYPE = YES_ERROR;
				GCC_WARN_UNDECLARED_SELECTOR = YES;
				GCC_WARN_UNINITIALIZED_AUTOS = YES_AGGRESSIVE;
				GCC_WARN_UNUSED_FUNCTION = YES;
				GCC_WARN_UNUSED_VARIABLE = YES;
				IPHONEOS_DEPLOYMENT_TARGET = 8.1;
				MTL_ENABLE_DEBUG_INFO = NO;
				SDKROOT = iphoneos;
				VALIDATE_PRODUCT = YES;
			};
			name = Release;
		};
		D80695E01AB937D300E7479A /* Debug */ = {
			isa = XCBuildConfiguration;
			buildSettings = {
				ASSETCATALOG_COMPILER_APPICON_NAME = AppIcon;
				INFOPLIST_FILE = NumberGame/Info.plist;
				LD_RUNPATH_SEARCH_PATHS = "$(inherited) @executable_path/Frameworks";
				PRODUCT_NAME = "$(TARGET_NAME)";
			};
			name = Debug;
		};
		D80695E11AB937D300E7479A /* Release */ = {
			isa = XCBuildConfiguration;
			buildSettings = {
				ASSETCATALOG_COMPILER_APPICON_NAME = AppIcon;
				INFOPLIST_FILE = NumberGame/Info.plist;
				LD_RUNPATH_SEARCH_PATHS = "$(inherited) @executable_path/Frameworks";
				PRODUCT_NAME = "$(TARGET_NAME)";
			};
			name = Release;
		};
		D80695E31AB937D300E7479A /* Debug */ = {
			isa = XCBuildConfiguration;
			buildSettings = {
				BUNDLE_LOADER = "$(TEST_HOST)";
				FRAMEWORK_SEARCH_PATHS = (
					"$(SDKROOT)/Developer/Library/Frameworks",
					"$(inherited)",
				);
				GCC_PREPROCESSOR_DEFINITIONS = (
					"DEBUG=1",
					"$(inherited)",
				);
				INFOPLIST_FILE = NumberGameTests/Info.plist;
				LD_RUNPATH_SEARCH_PATHS = "$(inherited) @executable_path/Frameworks @loader_path/Frameworks";
				PRODUCT_NAME = "$(TARGET_NAME)";
				TEST_HOST = "$(BUILT_PRODUCTS_DIR)/NumberGame.app/NumberGame";
			};
			name = Debug;
		};
		D80695E41AB937D300E7479A /* Release */ = {
			isa = XCBuildConfiguration;
			buildSettings = {
				BUNDLE_LOADER = "$(TEST_HOST)";
				FRAMEWORK_SEARCH_PATHS = (
					"$(SDKROOT)/Developer/Library/Frameworks",
					"$(inherited)",
				);
				INFOPLIST_FILE = NumberGameTests/Info.plist;
				LD_RUNPATH_SEARCH_PATHS = "$(inherited) @executable_path/Frameworks @loader_path/Frameworks";
				PRODUCT_NAME = "$(TARGET_NAME)";
				TEST_HOST = "$(BUILT_PRODUCTS_DIR)/NumberGame.app/NumberGame";
			};
			name = Release;
		};
/* End XCBuildConfiguration section */

/* Begin XCConfigurationList section */
		D80695BB1AB937D300E7479A /* Build configuration list for PBXProject "NumberGame" */ = {
			isa = XCConfigurationList;
			buildConfigurations = (
				D80695DD1AB937D300E7479A /* Debug */,
				D80695DE1AB937D300E7479A /* Release */,
			);
			defaultConfigurationIsVisible = 0;
			defaultConfigurationName = Release;
		};
		D80695DF1AB937D300E7479A /* Build configuration list for PBXNativeTarget "NumberGame" */ = {
			isa = XCConfigurationList;
			buildConfigurations = (
				D80695E01AB937D300E7479A /* Debug */,
				D80695E11AB937D300E7479A /* Release */,
			);
			defaultConfigurationIsVisible = 0;
			defaultConfigurationName = Release;
		};
		D80695E21AB937D300E7479A /* Build configuration list for PBXNativeTarget "NumberGameTests" */ = {
			isa = XCConfigurationList;
			buildConfigurations = (
				D80695E31AB937D300E7479A /* Debug */,
				D80695E41AB937D300E7479A /* Release */,
			);
			defaultConfigurationIsVisible = 0;
			defaultConfigurationName = Release;
		};
/* End XCConfigurationList section */
	};
	rootObject = D80695B81AB937D300E7479A /* Project object */;
}
